// !$*UTF8*$!
{
	archiveVersion = 1;
	classes = {
	};
	objectVersion = 46;
	objects = {

/* Begin PBXBuildFile section */
		738676911C05049A008C877C /* AppDelegate.swift in Sources */ = {isa = PBXBuildFile; fileRef = 738676901C05049A008C877C /* AppDelegate.swift */; };
		738676931C05049A008C877C /* ViewController.swift in Sources */ = {isa = PBXBuildFile; fileRef = 738676921C05049A008C877C /* ViewController.swift */; };
		738676961C05049A008C877C /* Main.storyboard in Resources */ = {isa = PBXBuildFile; fileRef = 738676941C05049A008C877C /* Main.storyboard */; };
		738676981C05049A008C877C /* Assets.xcassets in Resources */ = {isa = PBXBuildFile; fileRef = 738676971C05049A008C877C /* Assets.xcassets */; };
		7386769B1C05049A008C877C /* LaunchScreen.storyboard in Resources */ = {isa = PBXBuildFile; fileRef = 738676991C05049A008C877C /* LaunchScreen.storyboard */; };
		738676A61C05049A008C877C /* tipsTests.swift in Sources */ = {isa = PBXBuildFile; fileRef = 738676A51C05049A008C877C /* tipsTests.swift */; };
		738676B11C05049A008C877C /* tipsUITests.swift in Sources */ = {isa = PBXBuildFile; fileRef = 738676B01C05049A008C877C /* tipsUITests.swift */; };
/* End PBXBuildFile section */

/* Begin PBXContainerItemProxy section */
		738676A21C05049A008C877C /* PBXContainerItemProxy */ = {
			isa = PBXContainerItemProxy;
			containerPortal = 738676851C05049A008C877C /* Project object */;
			proxyType = 1;
			remoteGlobalIDString = 7386768C1C05049A008C877C;
			remoteInfo = tips;
		};
		738676AD1C05049A008C877C /* PBXContainerItemProxy */ = {
			isa = PBXContainerItemProxy;
			containerPortal = 738676851C05049A008C877C /* Project object */;
			proxyType = 1;
			remoteGlobalIDString = 7386768C1C05049A008C877C;
			remoteInfo = tips;
		};
/* End PBXContainerItemProxy section */

/* Begin PBXFileReference section */
		7386768D1C05049A008C877C /* tips.app */ = {isa = PBXFileReference; explicitFileType = wrapper.application; includeInIndex = 0; path = tips.app; sourceTree = BUILT_PRODUCTS_DIR; };
		738676901C05049A008C877C /* AppDelegate.swift */ = {isa = PBXFileReference; lastKnownFileType = sourcecode.swift; path = AppDelegate.swift; sourceTree = "<group>"; };
		738676921C05049A008C877C /* ViewController.swift */ = {isa = PBXFileReference; lastKnownFileType = sourcecode.swift; path = ViewController.swift; sourceTree = "<group>"; };
		738676951C05049A008C877C /* Base */ = {isa = PBXFileReference; lastKnownFileType = file.storyboard; name = Base; path = Base.lproj/Main.storyboard; sourceTree = "<group>"; };
		738676971C05049A008C877C /* Assets.xcassets */ = {isa = PBXFileReference; lastKnownFileType = folder.assetcatalog; path = Assets.xcassets; sourceTree = "<group>"; };
		7386769A1C05049A008C877C /* Base */ = {isa = PBXFileReference; lastKnownFileType = file.storyboard; name = Base; path = Base.lproj/LaunchScreen.storyboard; sourceTree = "<group>"; };
		7386769C1C05049A008C877C /* Info.plist */ = {isa = PBXFileReference; lastKnownFileType = text.plist.xml; path = Info.plist; sourceTree = "<group>"; };
		738676A11C05049A008C877C /* tipsTests.xctest */ = {isa = PBXFileReference; explicitFileType = wrapper.cfbundle; includeInIndex = 0; path = tipsTests.xctest; sourceTree = BUILT_PRODUCTS_DIR; };
		738676A51C05049A008C877C /* tipsTests.swift */ = {isa = PBXFileReference; lastKnownFileType = sourcecode.swift; path = tipsTests.swift; sourceTree = "<group>"; };
		738676A71C05049A008C877C /* Info.plist */ = {isa = PBXFileReference; lastKnownFileType = text.plist.xml; path = Info.plist; sourceTree = "<group>"; };
		738676AC1C05049A008C877C /* tipsUITests.xctest */ = {isa = PBXFileReference; explicitFileType = wrapper.cfbundle; includeInIndex = 0; path = tipsUITests.xctest; sourceTree = BUILT_PRODUCTS_DIR; };
		738676B01C05049A008C877C /* tipsUITests.swift */ = {isa = PBXFileReference; lastKnownFileType = sourcecode.swift; path = tipsUITests.swift; sourceTree = "<group>"; };
		738676B21C05049A008C877C /* Info.plist */ = {isa = PBXFileReference; lastKnownFileType = text.plist.xml; path = Info.plist; sourceTree = "<group>"; };
/* End PBXFileReference section */

/* Begin PBXFrameworksBuildPhase section */
		7386768A1C05049A008C877C /* Frameworks */ = {
			isa = PBXFrameworksBuildPhase;
			buildActionMask = 2147483647;
			files = (
			);
			runOnlyForDeploymentPostprocessing = 0;
		};
		7386769E1C05049A008C877C /* Frameworks */ = {
			isa = PBXFrameworksBuildPhase;
			buildActionMask = 2147483647;
			files = (
			);
			runOnlyForDeploymentPostprocessing = 0;
		};
		738676A91C05049A008C877C /* Frameworks */ = {
			isa = PBXFrameworksBuildPhase;
			buildActionMask = 2147483647;
			files = (
			);
			runOnlyForDeploymentPostprocessing = 0;
		};
/* End PBXFrameworksBuildPhase section */

/* Begin PBXGroup section */
		738676841C05049A008C877C = {
			isa = PBXGroup;
			children = (
				7386768F1C05049A008C877C /* tips */,
				738676A41C05049A008C877C /* tipsTests */,
				738676AF1C05049A008C877C /* tipsUITests */,
				7386768E1C05049A008C877C /* Products */,
			);
			sourceTree = "<group>";
		};
		7386768E1C05049A008C877C /* Products */ = {
			isa = PBXGroup;
			children = (
				7386768D1C05049A008C877C /* tips.app */,
				738676A11C05049A008C877C /* tipsTests.xctest */,
				738676AC1C05049A008C877C /* tipsUITests.xctest */,
			);
			name = Products;
			sourceTree = "<group>";
		};
		7386768F1C05049A008C877C /* tips */ = {
			isa = PBXGroup;
			children = (
				738676901C05049A008C877C /* AppDelegate.swift */,
				738676921C05049A008C877C /* ViewController.swift */,
				738676941C05049A008C877C /* Main.storyboard */,
				738676971C05049A008C877C /* Assets.xcassets */,
				738676991C05049A008C877C /* LaunchScreen.storyboard */,
				7386769C1C05049A008C877C /* Info.plist */,
			);
			path = tips;
			sourceTree = "<group>";
		};
		738676A41C05049A008C877C /* tipsTests */ = {
			isa = PBXGroup;
			children = (
				738676A51C05049A008C877C /* tipsTests.swift */,
				738676A71C05049A008C877C /* Info.plist */,
			);
			path = tipsTests;
			sourceTree = "<group>";
		};
		738676AF1C05049A008C877C /* tipsUITests */ = {
			isa = PBXGroup;
			children = (
				738676B01C05049A008C877C /* tipsUITests.swift */,
				738676B21C05049A008C877C /* Info.plist */,
			);
			path = tipsUITests;
			sourceTree = "<group>";
		};
/* End PBXGroup section */

/* Begin PBXNativeTarget section */
		7386768C1C05049A008C877C /* tips */ = {
			isa = PBXNativeTarget;
			buildConfigurationList = 738676B51C05049A008C877C /* Build configuration list for PBXNativeTarget "tips" */;
			buildPhases = (
				738676891C05049A008C877C /* Sources */,
				7386768A1C05049A008C877C /* Frameworks */,
				7386768B1C05049A008C877C /* Resources */,
			);
			buildRules = (
			);
			dependencies = (
			);
			name = tips;
			productName = tips;
			productReference = 7386768D1C05049A008C877C /* tips.app */;
			productType = "com.apple.product-type.application";
		};
		738676A01C05049A008C877C /* tipsTests */ = {
			isa = PBXNativeTarget;
			buildConfigurationList = 738676B81C05049A008C877C /* Build configuration list for PBXNativeTarget "tipsTests" */;
			buildPhases = (
				7386769D1C05049A008C877C /* Sources */,
				7386769E1C05049A008C877C /* Frameworks */,
				7386769F1C05049A008C877C /* Resources */,
			);
			buildRules = (
			);
			dependencies = (
				738676A31C05049A008C877C /* PBXTargetDependency */,
			);
			name = tipsTests;
			productName = tipsTests;
			productReference = 738676A11C05049A008C877C /* tipsTests.xctest */;
			productType = "com.apple.product-type.bundle.unit-test";
		};
		738676AB1C05049A008C877C /* tipsUITests */ = {
			isa = PBXNativeTarget;
			buildConfigurationList = 738676BB1C05049A008C877C /* Build configuration list for PBXNativeTarget "tipsUITests" */;
			buildPhases = (
				738676A81C05049A008C877C /* Sources */,
				738676A91C05049A008C877C /* Frameworks */,
				738676AA1C05049A008C877C /* Resources */,
			);
			buildRules = (
			);
			dependencies = (
				738676AE1C05049A008C877C /* PBXTargetDependency */,
			);
			name = tipsUITests;
			productName = tipsUITests;
			productReference = 738676AC1C05049A008C877C /* tipsUITests.xctest */;
			productType = "com.apple.product-type.bundle.ui-testing";
		};
/* End PBXNativeTarget section */

/* Begin PBXProject section */
		738676851C05049A008C877C /* Project object */ = {
			isa = PBXProject;
			attributes = {
				LastSwiftUpdateCheck = 0710;
				LastUpgradeCheck = 0710;
				ORGANIZATIONNAME = codepath;
				TargetAttributes = {
					7386768C1C05049A008C877C = {
						CreatedOnToolsVersion = 7.1.1;
					};
					738676A01C05049A008C877C = {
						CreatedOnToolsVersion = 7.1.1;
						TestTargetID = 7386768C1C05049A008C877C;
					};
					738676AB1C05049A008C877C = {
						CreatedOnToolsVersion = 7.1.1;
						TestTargetID = 7386768C1C05049A008C877C;
					};
				};
			};
			buildConfigurationList = 738676881C05049A008C877C /* Build configuration list for PBXProject "tips" */;
			compatibilityVersion = "Xcode 3.2";
			developmentRegion = English;
			hasScannedForEncodings = 0;
			knownRegions = (
				en,
				Base,
			);
			mainGroup = 738676841C05049A008C877C;
			productRefGroup = 7386768E1C05049A008C877C /* Products */;
			projectDirPath = "";
			projectRoot = "";
			targets = (
				7386768C1C05049A008C877C /* tips */,
				738676A01C05049A008C877C /* tipsTests */,
				738676AB1C05049A008C877C /* tipsUITests */,
			);
		};
/* End PBXProject section */

/* Begin PBXResourcesBuildPhase section */
		7386768B1C05049A008C877C /* Resources */ = {
			isa = PBXResourcesBuildPhase;
			buildActionMask = 2147483647;
			files = (
				7386769B1C05049A008C877C /* LaunchScreen.storyboard in Resources */,
				738676981C05049A008C877C /* Assets.xcassets in Resources */,
				738676961C05049A008C877C /* Main.storyboard in Resources */,
			);
			runOnlyForDeploymentPostprocessing = 0;
		};
		7386769F1C05049A008C877C /* Resources */ = {
			isa = PBXResourcesBuildPhase;
			buildActionMask = 2147483647;
			files = (
			);
			runOnlyForDeploymentPostprocessing = 0;
		};
		738676AA1C05049A008C877C /* Resources */ = {
			isa = PBXResourcesBuildPhase;
			buildActionMask = 2147483647;
			files = (
			);
			runOnlyForDeploymentPostprocessing = 0;
		};
/* End PBXResourcesBuildPhase section */

/* Begin PBXSourcesBuildPhase section */
		738676891C05049A008C877C /* Sources */ = {
			isa = PBXSourcesBuildPhase;
			buildActionMask = 2147483647;
			files = (
				738676931C05049A008C877C /* ViewController.swift in Sources */,
				738676911C05049A008C877C /* AppDelegate.swift in Sources */,
			);
			runOnlyForDeploymentPostprocessing = 0;
		};
		7386769D1C05049A008C877C /* Sources */ = {
			isa = PBXSourcesBuildPhase;
			buildActionMask = 2147483647;
			files = (
				738676A61C05049A008C877C /* tipsTests.swift in Sources */,
			);
			runOnlyForDeploymentPostprocessing = 0;
		};
		738676A81C05049A008C877C /* Sources */ = {
			isa = PBXSourcesBuildPhase;
			buildActionMask = 2147483647;
			files = (
				738676B11C05049A008C877C /* tipsUITests.swift in Sources */,
			);
			runOnlyForDeploymentPostprocessing = 0;
		};
/* End PBXSourcesBuildPhase section */

/* Begin PBXTargetDependency section */
		738676A31C05049A008C877C /* PBXTargetDependency */ = {
			isa = PBXTargetDependency;
			target = 7386768C1C05049A008C877C /* tips */;
			targetProxy = 738676A21C05049A008C877C /* PBXContainerItemProxy */;
		};
		738676AE1C05049A008C877C /* PBXTargetDependency */ = {
			isa = PBXTargetDependency;
			target = 7386768C1C05049A008C877C /* tips */;
			targetProxy = 738676AD1C05049A008C877C /* PBXContainerItemProxy */;
		};
/* End PBXTargetDependency section */

/* Begin PBXVariantGroup section */
		738676941C05049A008C877C /* Main.storyboard */ = {
			isa = PBXVariantGroup;
			children = (
				738676951C05049A008C877C /* Base */,
			);
			name = Main.storyboard;
			sourceTree = "<group>";
		};
		738676991C05049A008C877C /* LaunchScreen.storyboard */ = {
			isa = PBXVariantGroup;
			children = (
				7386769A1C05049A008C877C /* Base */,
			);
			name = LaunchScreen.storyboard;
			sourceTree = "<group>";
		};
/* End PBXVariantGroup section */

/* Begin XCBuildConfiguration section */
		738676B31C05049A008C877C /* Debug */ = {
			isa = XCBuildConfiguration;
			buildSettings = {
				ALWAYS_SEARCH_USER_PATHS = NO;
				CLANG_CXX_LANGUAGE_STANDARD = "gnu++0x";
				CLANG_CXX_LIBRARY = "libc++";
				CLANG_ENABLE_MODULES = YES;
				CLANG_ENABLE_OBJC_ARC = YES;
				CLANG_WARN_BOOL_CONVERSION = YES;
				CLANG_WARN_CONSTANT_CONVERSION = YES;
				CLANG_WARN_DIRECT_OBJC_ISA_USAGE = YES_ERROR;
				CLANG_WARN_EMPTY_BODY = YES;
				CLANG_WARN_ENUM_CONVERSION = YES;
				CLANG_WARN_INT_CONVERSION = YES;
				CLANG_WARN_OBJC_ROOT_CLASS = YES_ERROR;
				CLANG_WARN_UNREACHABLE_CODE = YES;
				CLANG_WARN__DUPLICATE_METHOD_MATCH = YES;
				"CODE_SIGN_IDENTITY[sdk=iphoneos*]" = "iPhone Developer";
				COPY_PHASE_STRIP = NO;
				DEBUG_INFORMATION_FORMAT = dwarf;
				ENABLE_STRICT_OBJC_MSGSEND = YES;
				ENABLE_TESTABILITY = YES;
				GCC_C_LANGUAGE_STANDARD = gnu99;
				GCC_DYNAMIC_NO_PIC = NO;
				GCC_NO_COMMON_BLOCKS = YES;
				GCC_OPTIMIZATION_LEVEL = 0;
				GCC_PREPROCESSOR_DEFINITIONS = (
					"DEBUG=1",
					"$(inherited)",
				);
				GCC_WARN_64_TO_32_BIT_CONVERSION = YES;
				GCC_WARN_ABOUT_RETURN_TYPE = YES_ERROR;
				GCC_WARN_UNDECLARED_SELECTOR = YES;
				GCC_WARN_UNINITIALIZED_AUTOS = YES_AGGRESSIVE;
				GCC_WARN_UNUSED_FUNCTION = YES;
				GCC_WARN_UNUSED_VARIABLE = YES;
				IPHONEOS_DEPLOYMENT_TARGET = 9.1;
				MTL_ENABLE_DEBUG_INFO = YES;
				ONLY_ACTIVE_ARCH = YES;
				SDKROOT = iphoneos;
				SWIFT_OPTIMIZATION_LEVEL = "-Onone";
			};
			name = Debug;
		};
		738676B41C05049A008C877C /* Release */ = {
			isa = XCBuildConfiguration;
			buildSettings = {
				ALWAYS_SEARCH_USER_PATHS = NO;
				CLANG_CXX_LANGUAGE_STANDARD = "gnu++0x";
				CLANG_CXX_LIBRARY = "libc++";
				CLANG_ENABLE_MODULES = YES;
				CLANG_ENABLE_OBJC_ARC = YES;
				CLANG_WARN_BOOL_CONVERSION = YES;
				CLANG_WARN_CONSTANT_CONVERSION = YES;
				CLANG_WARN_DIRECT_OBJC_ISA_USAGE = YES_ERROR;
				CLANG_WARN_EMPTY_BODY = YES;
				CLANG_WARN_ENUM_CONVERSION = YES;
				CLANG_WARN_INT_CONVERSION = YES;
				CLANG_WARN_OBJC_ROOT_CLASS = YES_ERROR;
				CLANG_WARN_UNREACHABLE_CODE = YES;
				CLANG_WARN__DUPLICATE_METHOD_MATCH = YES;
				"CODE_SIGN_IDENTITY[sdk=iphoneos*]" = "iPhone Developer";
				COPY_PHASE_STRIP = NO;
				DEBUG_INFORMATION_FORMAT = "dwarf-with-dsym";
				ENABLE_NS_ASSERTIONS = NO;
				ENABLE_STRICT_OBJC_MSGSEND = YES;
				GCC_C_LANGUAGE_STANDARD = gnu99;
				GCC_NO_COMMON_BLOCKS = YES;
				GCC_WARN_64_TO_32_BIT_CONVERSION = YES;
				GCC_WARN_ABOUT_RETURN_TYPE = YES_ERROR;
				GCC_WARN_UNDECLARED_SELECTOR = YES;
				GCC_WARN_UNINITIALIZED_AUTOS = YES_AGGRESSIVE;
				GCC_WARN_UNUSED_FUNCTION = YES;
				GCC_WARN_UNUSED_VARIABLE = YES;
				IPHONEOS_DEPLOYMENT_TARGET = 9.1;
				MTL_ENABLE_DEBUG_INFO = NO;
				SDKROOT = iphoneos;
				VALIDATE_PRODUCT = YES;
			};
			name = Release;
		};
		738676B61C05049A008C877C /* Debug */ = {
			isa = XCBuildConfiguration;
			buildSettings = {
				ASSETCATALOG_COMPILER_APPICON_NAME = AppIcon;
				INFOPLIST_FILE = tips/Info.plist;
				LD_RUNPATH_SEARCH_PATHS = "$(inherited) @executable_path/Frameworks";
				PRODUCT_BUNDLE_IDENTIFIER = com.codepath.tips;
				PRODUCT_NAME = "$(TARGET_NAME)";
			};
			name = Debug;
		};
		738676B71C05049A008C877C /* Release */ = {
			isa = XCBuildConfiguration;
			buildSettings = {
				ASSETCATALOG_COMPILER_APPICON_NAME = AppIcon;
				INFOPLIST_FILE = tips/Info.plist;
				LD_RUNPATH_SEARCH_PATHS = "$(inherited) @executable_path/Frameworks";
				PRODUCT_BUNDLE_IDENTIFIER = com.codepath.tips;
				PRODUCT_NAME = "$(TARGET_NAME)";
			};
			name = Release;
		};
		738676B91C05049A008C877C /* Debug */ = {
			isa = XCBuildConfiguration;
			buildSettings = {
				BUNDLE_LOADER = "$(TEST_HOST)";
				INFOPLIST_FILE = tipsTests/Info.plist;
				LD_RUNPATH_SEARCH_PATHS = "$(inherited) @executable_path/Frameworks @loader_path/Frameworks";
				PRODUCT_BUNDLE_IDENTIFIER = com.codepath.tipsTests;
				PRODUCT_NAME = "$(TARGET_NAME)";
				TEST_HOST = "$(BUILT_PRODUCTS_DIR)/tips.app/tips";
			};
			name = Debug;
		};
		738676BA1C05049A008C877C /* Release */ = {
			isa = XCBuildConfiguration;
			buildSettings = {
				BUNDLE_LOADER = "$(TEST_HOST)";
				INFOPLIST_FILE = tipsTests/Info.plist;
				LD_RUNPATH_SEARCH_PATHS = "$(inherited) @executable_path/Frameworks @loader_path/Frameworks";
				PRODUCT_BUNDLE_IDENTIFIER = com.codepath.tipsTests;
				PRODUCT_NAME = "$(TARGET_NAME)";
				TEST_HOST = "$(BUILT_PRODUCTS_DIR)/tips.app/tips";
			};
			name = Release;
		};
		738676BC1C05049A008C877C /* Debug */ = {
			isa = XCBuildConfiguration;
			buildSettings = {
				INFOPLIST_FILE = tipsUITests/Info.plist;
				LD_RUNPATH_SEARCH_PATHS = "$(inherited) @executable_path/Frameworks @loader_path/Frameworks";
				PRODUCT_BUNDLE_IDENTIFIER = com.codepath.tipsUITests;
				PRODUCT_NAME = "$(TARGET_NAME)";
				TEST_TARGET_NAME = tips;
				USES_XCTRUNNER = YES;
			};
			name = Debug;
		};
		738676BD1C05049A008C877C /* Release */ = {
			isa = XCBuildConfiguration;
			buildSettings = {
				INFOPLIST_FILE = tipsUITests/Info.plist;
				LD_RUNPATH_SEARCH_PATHS = "$(inherited) @executable_path/Frameworks @loader_path/Frameworks";
				PRODUCT_BUNDLE_IDENTIFIER = com.codepath.tipsUITests;
				PRODUCT_NAME = "$(TARGET_NAME)";
				TEST_TARGET_NAME = tips;
				USES_XCTRUNNER = YES;
			};
			name = Release;
		};
/* End XCBuildConfiguration section */

/* Begin XCConfigurationList section */
		738676881C05049A008C877C /* Build configuration list for PBXProject "tips" */ = {
			isa = XCConfigurationList;
			buildConfigurations = (
				738676B31C05049A008C877C /* Debug */,
				738676B41C05049A008C877C /* Release */,
			);
			defaultConfigurationIsVisible = 0;
			defaultConfigurationName = Release;
		};
		738676B51C05049A008C877C /* Build configuration list for PBXNativeTarget "tips" */ = {
			isa = XCConfigurationList;
			buildConfigurations = (
				738676B61C05049A008C877C /* Debug */,
				738676B71C05049A008C877C /* Release */,
			);
			defaultConfigurationIsVisible = 0;
		};
		738676B81C05049A008C877C /* Build configuration list for PBXNativeTarget "tipsTests" */ = {
			isa = XCConfigurationList;
			buildConfigurations = (
				738676B91C05049A008C877C /* Debug */,
				738676BA1C05049A008C877C /* Release */,
			);
			defaultConfigurationIsVisible = 0;
		};
		738676BB1C05049A008C877C /* Build configuration list for PBXNativeTarget "tipsUITests" */ = {
			isa = XCConfigurationList;
			buildConfigurations = (
				738676BC1C05049A008C877C /* Debug */,
				738676BD1C05049A008C877C /* Release */,
			);
			defaultConfigurationIsVisible = 0;
		};
/* End XCConfigurationList section */
	};
	rootObject = 738676851C05049A008C877C /* Project object */;
}
